
Microsoft Visual Studio Solution File, Format Version 12.00
# Visual Studio 15
Project("{FAE04EC0-301F-11D3-BF4B-00C04F79EFBC}") = "Unity.ML-Agents", "Unity.ML-Agents.csproj", "{45AEB230-1735-19C0-88AB-ECBB6015E7BD}"
EndProject
Project("{FAE04EC0-301F-11D3-BF4B-00C04F79EFBC}") = "Assembly-CSharp", "Assembly-CSharp.csproj", "{C0F635DE-3879-19DE-632F-C73755D8AA2A}"
EndProject
Project("{FAE04EC0-301F-11D3-BF4B-00C04F79EFBC}") = "Unity.ML-Agents.CommunicatorObjects", "Unity.ML-Agents.CommunicatorObjects.csproj", "{BC1A98BA-0396-8868-AB6B-2FA371880D7B}"
EndProject
Project("{FAE04EC0-301F-11D3-BF4B-00C04F79EFBC}") = "Unity.ML-Agents.Extensions.Input", "Unity.ML-Agents.Extensions.Input.csproj", "{D156D82E-5EFD-8682-212B-24CFE87FD249}"
EndProject
Project("{FAE04EC0-301F-11D3-BF4B-00C04F79EFBC}") = "Unity.ML-Agents.Extensions", "Unity.ML-Agents.Extensions.csproj", "{08E1D486-937C-C69D-9598-013A284CE723}"
EndProject
Project("{FAE04EC0-301F-11D3-BF4B-00C04F79EFBC}") = "Unity.ML-Agents.Extensions.Editor", "Unity.ML-Agents.Extensions.Editor.csproj", "{622FEBA2-8505-F4BB-1D3B-6F00CB969FD5}"
EndProject
Project("{FAE04EC0-301F-11D3-BF4B-00C04F79EFBC}") = "Assembly-CSharp-Editor", "Assembly-CSharp-Editor.csproj", "{95D58B33-3EB9-89A1-2D53-CCB3CDB82986}"
EndProject
Project("{FAE04EC0-301F-11D3-BF4B-00C04F79EFBC}") = "Unity.ML-Agents.Extensions.Editor.Input", "Unity.ML-Agents.Extensions.Editor.Input.csproj", "{1142460B-6591-38A0-1838-670A45A0FEE8}"
EndProject
Project("{FAE04EC0-301F-11D3-BF4B-00C04F79EFBC}") = "Unity.ML-Agents.Editor", "Unity.ML-Agents.Editor.csproj", "{9B39D110-BC54-4D37-A2D1-800733E4C2E7}"
EndProject
Global
	GlobalSection(SolutionConfigurationPlatforms) = preSolution
		Debug|Any CPU = Debug|Any CPU
		Release|Any CPU = Release|Any CPU
	EndGlobalSection
	GlobalSection(ProjectConfigurationPlatforms) = postSolution
		{45AEB230-1735-19C0-88AB-ECBB6015E7BD}.Debug|Any CPU.ActiveCfg = Debug|Any CPU
		{45AEB230-1735-19C0-88AB-ECBB6015E7BD}.Debug|Any CPU.Build.0 = Debug|Any CPU
		{45AEB230-1735-19C0-88AB-ECBB6015E7BD}.Release|Any CPU.ActiveCfg = Release|Any CPU
		{45AEB230-1735-19C0-88AB-ECBB6015E7BD}.Release|Any CPU.Build.0 = Release|Any CPU
		{C0F635DE-3879-19DE-632F-C73755D8AA2A}.Debug|Any CPU.ActiveCfg = Debug|Any CPU
		{C0F635DE-3879-19DE-632F-C73755D8AA2A}.Debug|Any CPU.Build.0 = Debug|Any CPU
		{C0F635DE-3879-19DE-632F-C73755D8AA2A}.Release|Any CPU.ActiveCfg = Release|Any CPU
		{C0F635DE-3879-19DE-632F-C73755D8AA2A}.Release|Any CPU.Build.0 = Release|Any CPU
		{BC1A98BA-0396-8868-AB6B-2FA371880D7B}.Debug|Any CPU.ActiveCfg = Debug|Any CPU
		{BC1A98BA-0396-8868-AB6B-2FA371880D7B}.Debug|Any CPU.Build.0 = Debug|Any CPU
		{BC1A98BA-0396-8868-AB6B-2FA371880D7B}.Release|Any CPU.ActiveCfg = Release|Any CPU
		{BC1A98BA-0396-8868-AB6B-2FA371880D7B}.Release|Any CPU.Build.0 = Release|Any CPU
		{D156D82E-5EFD-8682-212B-24CFE87FD249}.Debug|Any CPU.ActiveCfg = Debug|Any CPU
		{D156D82E-5EFD-8682-212B-24CFE87FD249}.Debug|Any CPU.Build.0 = Debug|Any CPU
		{D156D82E-5EFD-8682-212B-24CFE87FD249}.Release|Any CPU.ActiveCfg = Release|Any CPU
		{D156D82E-5EFD-8682-212B-24CFE87FD249}.Release|Any CPU.Build.0 = Release|Any CPU
		{08E1D486-937C-C69D-9598-013A284CE723}.Debug|Any CPU.ActiveCfg = Debug|Any CPU
		{08E1D486-937C-C69D-9598-013A284CE723}.Debug|Any CPU.Build.0 = Debug|Any CPU
		{08E1D486-937C-C69D-9598-013A284CE723}.Release|Any CPU.ActiveCfg = Release|Any CPU
		{08E1D486-937C-C69D-9598-013A284CE723}.Release|Any CPU.Build.0 = Release|Any CPU
		{622FEBA2-8505-F4BB-1D3B-6F00CB969FD5}.Debug|Any CPU.ActiveCfg = Debug|Any CPU
		{622FEBA2-8505-F4BB-1D3B-6F00CB969FD5}.Debug|Any CPU.Build.0 = Debug|Any CPU
		{622FEBA2-8505-F4BB-1D3B-6F00CB969FD5}.Release|Any CPU.ActiveCfg = Release|Any CPU
		{622FEBA2-8505-F4BB-1D3B-6F00CB969FD5}.Release|Any CPU.Build.0 = Release|Any CPU
		{95D58B33-3EB9-89A1-2D53-CCB3CDB82986}.Debug|Any CPU.ActiveCfg = Debug|Any CPU
		{95D58B33-3EB9-89A1-2D53-CCB3CDB82986}.Debug|Any CPU.Build.0 = Debug|Any CPU
		{95D58B33-3EB9-89A1-2D53-CCB3CDB82986}.Release|Any CPU.ActiveCfg = Release|Any CPU
		{95D58B33-3EB9-89A1-2D53-CCB3CDB82986}.Release|Any CPU.Build.0 = Release|Any CPU
		{1142460B-6591-38A0-1838-670A45A0FEE8}.Debug|Any CPU.ActiveCfg = Debug|Any CPU
		{1142460B-6591-38A0-1838-670A45A0FEE8}.Debug|Any CPU.Build.0 = Debug|Any CPU
		{1142460B-6591-38A0-1838-670A45A0FEE8}.Release|Any CPU.ActiveCfg = Release|Any CPU
		{1142460B-6591-38A0-1838-670A45A0FEE8}.Release|Any CPU.Build.0 = Release|Any CPU
		{9B39D110-BC54-4D37-A2D1-800733E4C2E7}.Debug|Any CPU.ActiveCfg = Debug|Any CPU
		{9B39D110-BC54-4D37-A2D1-800733E4C2E7}.Debug|Any CPU.Build.0 = Debug|Any CPU
		{9B39D110-BC54-4D37-A2D1-800733E4C2E7}.Release|Any CPU.ActiveCfg = Release|Any CPU
		{9B39D110-BC54-4D37-A2D1-800733E4C2E7}.Release|Any CPU.Build.0 = Release|Any CPU
	EndGlobalSection
	GlobalSection(SolutionProperties) = preSolution
		HideSolutionNode = FALSE
	EndGlobalSection
EndGlobal
